// !$*UTF8*$!
{
	archiveVersion = 1;
	classes = {
	};
	objectVersion = 77;
	objects = {

/* Begin PBXContainerItemProxy section */
		176BA03B2CEBECDE00D8B4D3 /* PBXContainerItemProxy */ = {
			isa = PBXContainerItemProxy;
			containerPortal = 176BA0222CEBECDC00D8B4D3 /* Project object */;
			proxyType = 1;
			remoteGlobalIDString = 176BA0292CEBECDC00D8B4D3;
			remoteInfo = PaulHudson_1_Split;
		};
		176BA0452CEBECDE00D8B4D3 /* PBXContainerItemProxy */ = {
			isa = PBXContainerItemProxy;
			containerPortal = 176BA0222CEBECDC00D8B4D3 /* Project object */;
			proxyType = 1;
			remoteGlobalIDString = 176BA0292CEBECDC00D8B4D3;
			remoteInfo = PaulHudson_1_Split;
		};
/* End PBXContainerItemProxy section */

/* Begin PBXFileReference section */
		176BA02A2CEBECDC00D8B4D3 /* PaulHudson_1_Split.app */ = {isa = PBXFileReference; explicitFileType = wrapper.application; includeInIndex = 0; path = PaulHudson_1_Split.app; sourceTree = BUILT_PRODUCTS_DIR; };
		176BA03A2CEBECDE00D8B4D3 /* PaulHudson_1_SplitTests.xctest */ = {isa = PBXFileReference; explicitFileType = wrapper.cfbundle; includeInIndex = 0; path = PaulHudson_1_SplitTests.xctest; sourceTree = BUILT_PRODUCTS_DIR; };
		176BA0442CEBECDE00D8B4D3 /* PaulHudson_1_SplitUITests.xctest */ = {isa = PBXFileReference; explicitFileType = wrapper.cfbundle; includeInIndex = 0; path = PaulHudson_1_SplitUITests.xctest; sourceTree = BUILT_PRODUCTS_DIR; };
/* End PBXFileReference section */

/* Begin PBXFileSystemSynchronizedRootGroup section */
		176BA02C2CEBECDC00D8B4D3 /* PaulHudson_1_Split */ = {
			isa = PBXFileSystemSynchronizedRootGroup;
			path = PaulHudson_1_Split;
			sourceTree = "<group>";
		};
		176BA03D2CEBECDE00D8B4D3 /* PaulHudson_1_SplitTests */ = {
			isa = PBXFileSystemSynchronizedRootGroup;
			path = PaulHudson_1_SplitTests;
			sourceTree = "<group>";
		};
		176BA0472CEBECDE00D8B4D3 /* PaulHudson_1_SplitUITests */ = {
			isa = PBXFileSystemSynchronizedRootGroup;
			path = PaulHudson_1_SplitUITests;
			sourceTree = "<group>";
		};
/* End PBXFileSystemSynchronizedRootGroup section */

/* Begin PBXFrameworksBuildPhase section */
		176BA0272CEBECDC00D8B4D3 /* Frameworks */ = {
			isa = PBXFrameworksBuildPhase;
			buildActionMask = 2147483647;
			files = (
			);
			runOnlyForDeploymentPostprocessing = 0;
		};
		176BA0372CEBECDE00D8B4D3 /* Frameworks */ = {
			isa = PBXFrameworksBuildPhase;
			buildActionMask = 2147483647;
			files = (
			);
			runOnlyForDeploymentPostprocessing = 0;
		};
		176BA0412CEBECDE00D8B4D3 /* Frameworks */ = {
			isa = PBXFrameworksBuildPhase;
			buildActionMask = 2147483647;
			files = (
			);
			runOnlyForDeploymentPostprocessing = 0;
		};
/* End PBXFrameworksBuildPhase section */

/* Begin PBXGroup section */
		176BA0212CEBECDC00D8B4D3 = {
			isa = PBXGroup;
			children = (
				176BA02C2CEBECDC00D8B4D3 /* PaulHudson_1_Split */,
				176BA03D2CEBECDE00D8B4D3 /* PaulHudson_1_SplitTests */,
				176BA0472CEBECDE00D8B4D3 /* PaulHudson_1_SplitUITests */,
				176BA02B2CEBECDC00D8B4D3 /* Products */,
			);
			sourceTree = "<group>";
		};
		176BA02B2CEBECDC00D8B4D3 /* Products */ = {
			isa = PBXGroup;
			children = (
				176BA02A2CEBECDC00D8B4D3 /* PaulHudson_1_Split.app */,
				176BA03A2CEBECDE00D8B4D3 /* PaulHudson_1_SplitTests.xctest */,
				176BA0442CEBECDE00D8B4D3 /* PaulHudson_1_SplitUITests.xctest */,
			);
			name = Products;
			sourceTree = "<group>";
		};
/* End PBXGroup section */

/* Begin PBXNativeTarget section */
		176BA0292CEBECDC00D8B4D3 /* PaulHudson_1_Split */ = {
			isa = PBXNativeTarget;
			buildConfigurationList = 176BA04E2CEBECDE00D8B4D3 /* Build configuration list for PBXNativeTarget "PaulHudson_1_Split" */;
			buildPhases = (
				176BA0262CEBECDC00D8B4D3 /* Sources */,
				176BA0272CEBECDC00D8B4D3 /* Frameworks */,
				176BA0282CEBECDC00D8B4D3 /* Resources */,
			);
			buildRules = (
			);
			dependencies = (
			);
			fileSystemSynchronizedGroups = (
				176BA02C2CEBECDC00D8B4D3 /* PaulHudson_1_Split */,
			);
			name = PaulHudson_1_Split;
			packageProductDependencies = (
			);
			productName = PaulHudson_1_Split;
			productReference = 176BA02A2CEBECDC00D8B4D3 /* PaulHudson_1_Split.app */;
			productType = "com.apple.product-type.application";
		};
		176BA0392CEBECDE00D8B4D3 /* PaulHudson_1_SplitTests */ = {
			isa = PBXNativeTarget;
			buildConfigurationList = 176BA0512CEBECDE00D8B4D3 /* Build configuration list for PBXNativeTarget "PaulHudson_1_SplitTests" */;
			buildPhases = (
				176BA0362CEBECDE00D8B4D3 /* Sources */,
				176BA0372CEBECDE00D8B4D3 /* Frameworks */,
				176BA0382CEBECDE00D8B4D3 /* Resources */,
			);
			buildRules = (
			);
			dependencies = (
				176BA03C2CEBECDE00D8B4D3 /* PBXTargetDependency */,
			);
			fileSystemSynchronizedGroups = (
				176BA03D2CEBECDE00D8B4D3 /* PaulHudson_1_SplitTests */,
			);
			name = PaulHudson_1_SplitTests;
			packageProductDependencies = (
			);
			productName = PaulHudson_1_SplitTests;
			productReference = 176BA03A2CEBECDE00D8B4D3 /* PaulHudson_1_SplitTests.xctest */;
			productType = "com.apple.product-type.bundle.unit-test";
		};
		176BA0432CEBECDE00D8B4D3 /* PaulHudson_1_SplitUITests */ = {
			isa = PBXNativeTarget;
			buildConfigurationList = 176BA0542CEBECDE00D8B4D3 /* Build configuration list for PBXNativeTarget "PaulHudson_1_SplitUITests" */;
			buildPhases = (
				176BA0402CEBECDE00D8B4D3 /* Sources */,
				176BA0412CEBECDE00D8B4D3 /* Frameworks */,
				176BA0422CEBECDE00D8B4D3 /* Resources */,
			);
			buildRules = (
			);
			dependencies = (
				176BA0462CEBECDE00D8B4D3 /* PBXTargetDependency */,
			);
			fileSystemSynchronizedGroups = (
				176BA0472CEBECDE00D8B4D3 /* PaulHudson_1_SplitUITests */,
			);
			name = PaulHudson_1_SplitUITests;
			packageProductDependencies = (
			);
			productName = PaulHudson_1_SplitUITests;
			productReference = 176BA0442CEBECDE00D8B4D3 /* PaulHudson_1_SplitUITests.xctest */;
			productType = "com.apple.product-type.bundle.ui-testing";
		};
/* End PBXNativeTarget section */

/* Begin PBXProject section */
		176BA0222CEBECDC00D8B4D3 /* Project object */ = {
			isa = PBXProject;
			attributes = {
				BuildIndependentTargetsInParallel = 1;
				LastSwiftUpdateCheck = 1610;
				LastUpgradeCheck = 1610;
				TargetAttributes = {
					176BA0292CEBECDC00D8B4D3 = {
						CreatedOnToolsVersion = 16.1;
					};
					176BA0392CEBECDE00D8B4D3 = {
						CreatedOnToolsVersion = 16.1;
						TestTargetID = 176BA0292CEBECDC00D8B4D3;
					};
					176BA0432CEBECDE00D8B4D3 = {
						CreatedOnToolsVersion = 16.1;
						TestTargetID = 176BA0292CEBECDC00D8B4D3;
					};
				};
			};
			buildConfigurationList = 176BA0252CEBECDC00D8B4D3 /* Build configuration list for PBXProject "PaulHudson_1_Split" */;
			developmentRegion = en;
			hasScannedForEncodings = 0;
			knownRegions = (
				en,
				Base,
			);
			mainGroup = 176BA0212CEBECDC00D8B4D3;
			minimizedProjectReferenceProxies = 1;
			preferredProjectObjectVersion = 77;
			productRefGroup = 176BA02B2CEBECDC00D8B4D3 /* Products */;
			projectDirPath = "";
			projectRoot = "";
			targets = (
				176BA0292CEBECDC00D8B4D3 /* PaulHudson_1_Split */,
				176BA0392CEBECDE00D8B4D3 /* PaulHudson_1_SplitTests */,
				176BA0432CEBECDE00D8B4D3 /* PaulHudson_1_SplitUITests */,
			);
		};
/* End PBXProject section */

/* Begin PBXResourcesBuildPhase section */
		176BA0282CEBECDC00D8B4D3 /* Resources */ = {
			isa = PBXResourcesBuildPhase;
			buildActionMask = 2147483647;
			files = (
			);
			runOnlyForDeploymentPostprocessing = 0;
		};
		176BA0382CEBECDE00D8B4D3 /* Resources */ = {
			isa = PBXResourcesBuildPhase;
			buildActionMask = 2147483647;
			files = (
			);
			runOnlyForDeploymentPostprocessing = 0;
		};
		176BA0422CEBECDE00D8B4D3 /* Resources */ = {
			isa = PBXResourcesBuildPhase;
			buildActionMask = 2147483647;
			files = (
			);
			runOnlyForDeploymentPostprocessing = 0;
		};
/* End PBXResourcesBuildPhase section */

/* Begin PBXSourcesBuildPhase section */
		176BA0262CEBECDC00D8B4D3 /* Sources */ = {
			isa = PBXSourcesBuildPhase;
			buildActionMask = 2147483647;
			files = (
			);
			runOnlyForDeploymentPostprocessing = 0;
		};
		176BA0362CEBECDE00D8B4D3 /* Sources */ = {
			isa = PBXSourcesBuildPhase;
			buildActionMask = 2147483647;
			files = (
			);
			runOnlyForDeploymentPostprocessing = 0;
		};
		176BA0402CEBECDE00D8B4D3 /* Sources */ = {
			isa = PBXSourcesBuildPhase;
			buildActionMask = 2147483647;
			files = (
			);
			runOnlyForDeploymentPostprocessing = 0;
		};
/* End PBXSourcesBuildPhase section */

/* Begin PBXTargetDependency section */
		176BA03C2CEBECDE00D8B4D3 /* PBXTargetDependency */ = {
			isa = PBXTargetDependency;
			target = 176BA0292CEBECDC00D8B4D3 /* PaulHudson_1_Split */;
			targetProxy = 176BA03B2CEBECDE00D8B4D3 /* PBXContainerItemProxy */;
		};
		176BA0462CEBECDE00D8B4D3 /* PBXTargetDependency */ = {
			isa = PBXTargetDependency;
			target = 176BA0292CEBECDC00D8B4D3 /* PaulHudson_1_Split */;
			targetProxy = 176BA0452CEBECDE00D8B4D3 /* PBXContainerItemProxy */;
		};
/* End PBXTargetDependency section */

/* Begin XCBuildConfiguration section */
		176BA04C2CEBECDE00D8B4D3 /* Debug */ = {
			isa = XCBuildConfiguration;
			buildSettings = {
				ALWAYS_SEARCH_USER_PATHS = NO;
				ASSETCATALOG_COMPILER_GENERATE_SWIFT_ASSET_SYMBOL_EXTENSIONS = YES;
				CLANG_ANALYZER_NONNULL = YES;
				CLANG_ANALYZER_NUMBER_OBJECT_CONVERSION = YES_AGGRESSIVE;
				CLANG_CXX_LANGUAGE_STANDARD = "gnu++20";
				CLANG_ENABLE_MODULES = YES;
				CLANG_ENABLE_OBJC_ARC = YES;
				CLANG_ENABLE_OBJC_WEAK = YES;
				CLANG_WARN_BLOCK_CAPTURE_AUTORELEASING = YES;
				CLANG_WARN_BOOL_CONVERSION = YES;
				CLANG_WARN_COMMA = YES;
				CLANG_WARN_CONSTANT_CONVERSION = YES;
				CLANG_WARN_DEPRECATED_OBJC_IMPLEMENTATIONS = YES;
				CLANG_WARN_DIRECT_OBJC_ISA_USAGE = YES_ERROR;
				CLANG_WARN_DOCUMENTATION_COMMENTS = YES;
				CLANG_WARN_EMPTY_BODY = YES;
				CLANG_WARN_ENUM_CONVERSION = YES;
				CLANG_WARN_INFINITE_RECURSION = YES;
				CLANG_WARN_INT_CONVERSION = YES;
				CLANG_WARN_NON_LITERAL_NULL_CONVERSION = YES;
				CLANG_WARN_OBJC_IMPLICIT_RETAIN_SELF = YES;
				CLANG_WARN_OBJC_LITERAL_CONVERSION = YES;
				CLANG_WARN_OBJC_ROOT_CLASS = YES_ERROR;
				CLANG_WARN_QUOTED_INCLUDE_IN_FRAMEWORK_HEADER = YES;
				CLANG_WARN_RANGE_LOOP_ANALYSIS = YES;
				CLANG_WARN_STRICT_PROTOTYPES = YES;
				CLANG_WARN_SUSPICIOUS_MOVE = YES;
				CLANG_WARN_UNGUARDED_AVAILABILITY = YES_AGGRESSIVE;
				CLANG_WARN_UNREACHABLE_CODE = YES;
				CLANG_WARN__DUPLICATE_METHOD_MATCH = YES;
				COPY_PHASE_STRIP = NO;
				DEBUG_INFORMATION_FORMAT = dwarf;
				ENABLE_STRICT_OBJC_MSGSEND = YES;
				ENABLE_TESTABILITY = YES;
				ENABLE_USER_SCRIPT_SANDBOXING = YES;
				GCC_C_LANGUAGE_STANDARD = gnu17;
				GCC_DYNAMIC_NO_PIC = NO;
				GCC_NO_COMMON_BLOCKS = YES;
				GCC_OPTIMIZATION_LEVEL = 0;
				GCC_PREPROCESSOR_DEFINITIONS = (
					"DEBUG=1",
					"$(inherited)",
				);
				GCC_WARN_64_TO_32_BIT_CONVERSION = YES;
				GCC_WARN_ABOUT_RETURN_TYPE = YES_ERROR;
				GCC_WARN_UNDECLARED_SELECTOR = YES;
				GCC_WARN_UNINITIALIZED_AUTOS = YES_AGGRESSIVE;
				GCC_WARN_UNUSED_FUNCTION = YES;
				GCC_WARN_UNUSED_VARIABLE = YES;
				IPHONEOS_DEPLOYMENT_TARGET = 18.1;
				LOCALIZATION_PREFERS_STRING_CATALOGS = YES;
				MTL_ENABLE_DEBUG_INFO = INCLUDE_SOURCE;
				MTL_FAST_MATH = YES;
				ONLY_ACTIVE_ARCH = YES;
				SDKROOT = iphoneos;
				SWIFT_ACTIVE_COMPILATION_CONDITIONS = "DEBUG $(inherited)";
				SWIFT_OPTIMIZATION_LEVEL = "-Onone";
			};
			name = Debug;
		};
		176BA04D2CEBECDE00D8B4D3 /* Release */ = {
			isa = XCBuildConfiguration;
			buildSettings = {
				ALWAYS_SEARCH_USER_PATHS = NO;
				ASSETCATALOG_COMPILER_GENERATE_SWIFT_ASSET_SYMBOL_EXTENSIONS = YES;
				CLANG_ANALYZER_NONNULL = YES;
				CLANG_ANALYZER_NUMBER_OBJECT_CONVERSION = YES_AGGRESSIVE;
				CLANG_CXX_LANGUAGE_STANDARD = "gnu++20";
				CLANG_ENABLE_MODULES = YES;
				CLANG_ENABLE_OBJC_ARC = YES;
				CLANG_ENABLE_OBJC_WEAK = YES;
				CLANG_WARN_BLOCK_CAPTURE_AUTORELEASING = YES;
				CLANG_WARN_BOOL_CONVERSION = YES;
				CLANG_WARN_COMMA = YES;
				CLANG_WARN_CONSTANT_CONVERSION = YES;
				CLANG_WARN_DEPRECATED_OBJC_IMPLEMENTATIONS = YES;
				CLANG_WARN_DIRECT_OBJC_ISA_USAGE = YES_ERROR;
				CLANG_WARN_DOCUMENTATION_COMMENTS = YES;
				CLANG_WARN_EMPTY_BODY = YES;
				CLANG_WARN_ENUM_CONVERSION = YES;
				CLANG_WARN_INFINITE_RECURSION = YES;
				CLANG_WARN_INT_CONVERSION = YES;
				CLANG_WARN_NON_LITERAL_NULL_CONVERSION = YES;
				CLANG_WARN_OBJC_IMPLICIT_RETAIN_SELF = YES;
				CLANG_WARN_OBJC_LITERAL_CONVERSION = YES;
				CLANG_WARN_OBJC_ROOT_CLASS = YES_ERROR;
				CLANG_WARN_QUOTED_INCLUDE_IN_FRAMEWORK_HEADER = YES;
				CLANG_WARN_RANGE_LOOP_ANALYSIS = YES;
				CLANG_WARN_STRICT_PROTOTYPES = YES;
				CLANG_WARN_SUSPICIOUS_MOVE = YES;
				CLANG_WARN_UNGUARDED_AVAILABILITY = YES_AGGRESSIVE;
				CLANG_WARN_UNREACHABLE_CODE = YES;
				CLANG_WARN__DUPLICATE_METHOD_MATCH = YES;
				COPY_PHASE_STRIP = NO;
				DEBUG_INFORMATION_FORMAT = "dwarf-with-dsym";
				ENABLE_NS_ASSERTIONS = NO;
				ENABLE_STRICT_OBJC_MSGSEND = YES;
				ENABLE_USER_SCRIPT_SANDBOXING = YES;
				GCC_C_LANGUAGE_STANDARD = gnu17;
				GCC_NO_COMMON_BLOCKS = YES;
				GCC_WARN_64_TO_32_BIT_CONVERSION = YES;
				GCC_WARN_ABOUT_RETURN_TYPE = YES_ERROR;
				GCC_WARN_UNDECLARED_SELECTOR = YES;
				GCC_WARN_UNINITIALIZED_AUTOS = YES_AGGRESSIVE;
				GCC_WARN_UNUSED_FUNCTION = YES;
				GCC_WARN_UNUSED_VARIABLE = YES;
				IPHONEOS_DEPLOYMENT_TARGET = 18.1;
				LOCALIZATION_PREFERS_STRING_CATALOGS = YES;
				MTL_ENABLE_DEBUG_INFO = NO;
				MTL_FAST_MATH = YES;
				SDKROOT = iphoneos;
				SWIFT_COMPILATION_MODE = wholemodule;
				VALIDATE_PRODUCT = YES;
			};
			name = Release;
		};
		176BA04F2CEBECDE00D8B4D3 /* Debug */ = {
			isa = XCBuildConfiguration;
			buildSettings = {
				ASSETCATALOG_COMPILER_APPICON_NAME = AppIcon;
				ASSETCATALOG_COMPILER_GLOBAL_ACCENT_COLOR_NAME = AccentColor;
				CODE_SIGN_STYLE = Automatic;
				CURRENT_PROJECT_VERSION = 1;
				DEVELOPMENT_ASSET_PATHS = "\"PaulHudson_1_Split/Preview Content\"";
				ENABLE_PREVIEWS = YES;
				GENERATE_INFOPLIST_FILE = YES;
				INFOPLIST_KEY_UIApplicationSceneManifest_Generation = YES;
				INFOPLIST_KEY_UIApplicationSupportsIndirectInputEvents = YES;
				INFOPLIST_KEY_UILaunchScreen_Generation = YES;
				INFOPLIST_KEY_UISupportedInterfaceOrientations_iPad = "UIInterfaceOrientationPortrait UIInterfaceOrientationPortraitUpsideDown UIInterfaceOrientationLandscapeLeft UIInterfaceOrientationLandscapeRight";
				INFOPLIST_KEY_UISupportedInterfaceOrientations_iPhone = "UIInterfaceOrientationPortrait UIInterfaceOrientationLandscapeLeft UIInterfaceOrientationLandscapeRight";
				LD_RUNPATH_SEARCH_PATHS = (
					"$(inherited)",
					"@executable_path/Frameworks",
				);
				MARKETING_VERSION = 1.0;
				PRODUCT_BUNDLE_IDENTIFIER = "com.pepsico.trainAI.PaulHudson-1-Split";
				PRODUCT_NAME = "$(TARGET_NAME)";
				SWIFT_EMIT_LOC_STRINGS = YES;
				SWIFT_VERSION = 5.0;
				TARGETED_DEVICE_FAMILY = "1,2";
			};
			name = Debug;
		};
		176BA0502CEBECDE00D8B4D3 /* Release */ = {
			isa = XCBuildConfiguration;
			buildSettings = {
				ASSETCATALOG_COMPILER_APPICON_NAME = AppIcon;
				ASSETCATALOG_COMPILER_GLOBAL_ACCENT_COLOR_NAME = AccentColor;
				CODE_SIGN_STYLE = Automatic;
				CURRENT_PROJECT_VERSION = 1;
				DEVELOPMENT_ASSET_PATHS = "\"PaulHudson_1_Split/Preview Content\"";
				ENABLE_PREVIEWS = YES;
				GENERATE_INFOPLIST_FILE = YES;
				INFOPLIST_KEY_UIApplicationSceneManifest_Generation = YES;
				INFOPLIST_KEY_UIApplicationSupportsIndirectInputEvents = YES;
				INFOPLIST_KEY_UILaunchScreen_Generation = YES;
				INFOPLIST_KEY_UISupportedInterfaceOrientations_iPad = "UIInterfaceOrientationPortrait UIInterfaceOrientationPortraitUpsideDown UIInterfaceOrientationLandscapeLeft UIInterfaceOrientationLandscapeRight";
				INFOPLIST_KEY_UISupportedInterfaceOrientations_iPhone = "UIInterfaceOrientationPortrait UIInterfaceOrientationLandscapeLeft UIInterfaceOrientationLandscapeRight";
				LD_RUNPATH_SEARCH_PATHS = (
					"$(inherited)",
					"@executable_path/Frameworks",
				);
				MARKETING_VERSION = 1.0;
				PRODUCT_BUNDLE_IDENTIFIER = "com.pepsico.trainAI.PaulHudson-1-Split";
				PRODUCT_NAME = "$(TARGET_NAME)";
				SWIFT_EMIT_LOC_STRINGS = YES;
				SWIFT_VERSION = 5.0;
				TARGETED_DEVICE_FAMILY = "1,2";
			};
			name = Release;
		};
		176BA0522CEBECDE00D8B4D3 /* Debug */ = {
			isa = XCBuildConfiguration;
			buildSettings = {
				BUNDLE_LOADER = "$(TEST_HOST)";
				CODE_SIGN_STYLE = Automatic;
				CURRENT_PROJECT_VERSION = 1;
				GENERATE_INFOPLIST_FILE = YES;
				IPHONEOS_DEPLOYMENT_TARGET = 18.1;
				MARKETING_VERSION = 1.0;
				PRODUCT_BUNDLE_IDENTIFIER = "com.pepsico.trainAI.PaulHudson-1-SplitTests";
				PRODUCT_NAME = "$(TARGET_NAME)";
				SWIFT_EMIT_LOC_STRINGS = NO;
				SWIFT_VERSION = 5.0;
				TARGETED_DEVICE_FAMILY = "1,2";
				TEST_HOST = "$(BUILT_PRODUCTS_DIR)/PaulHudson_1_Split.app/$(BUNDLE_EXECUTABLE_FOLDER_PATH)/PaulHudson_1_Split";
			};
			name = Debug;
		};
		176BA0532CEBECDE00D8B4D3 /* Release */ = {
			isa = XCBuildConfiguration;
			buildSettings = {
				BUNDLE_LOADER = "$(TEST_HOST)";
				CODE_SIGN_STYLE = Automatic;
				CURRENT_PROJECT_VERSION = 1;
				GENERATE_INFOPLIST_FILE = YES;
				IPHONEOS_DEPLOYMENT_TARGET = 18.1;
				MARKETING_VERSION = 1.0;
				PRODUCT_BUNDLE_IDENTIFIER = "com.pepsico.trainAI.PaulHudson-1-SplitTests";
				PRODUCT_NAME = "$(TARGET_NAME)";
				SWIFT_EMIT_LOC_STRINGS = NO;
				SWIFT_VERSION = 5.0;
				TARGETED_DEVICE_FAMILY = "1,2";
				TEST_HOST = "$(BUILT_PRODUCTS_DIR)/PaulHudson_1_Split.app/$(BUNDLE_EXECUTABLE_FOLDER_PATH)/PaulHudson_1_Split";
			};
			name = Release;
		};
		176BA0552CEBECDE00D8B4D3 /* Debug */ = {
			isa = XCBuildConfiguration;
			buildSettings = {
				CODE_SIGN_STYLE = Automatic;
				CURRENT_PROJECT_VERSION = 1;
				GENERATE_INFOPLIST_FILE = YES;
				MARKETING_VERSION = 1.0;
				PRODUCT_BUNDLE_IDENTIFIER = "com.pepsico.trainAI.PaulHudson-1-SplitUITests";
				PRODUCT_NAME = "$(TARGET_NAME)";
				SWIFT_EMIT_LOC_STRINGS = NO;
				SWIFT_VERSION = 5.0;
				TARGETED_DEVICE_FAMILY = "1,2";
				TEST_TARGET_NAME = PaulHudson_1_Split;
			};
			name = Debug;
		};
		176BA0562CEBECDE00D8B4D3 /* Release */ = {
			isa = XCBuildConfiguration;
			buildSettings = {
				CODE_SIGN_STYLE = Automatic;
				CURRENT_PROJECT_VERSION = 1;
				GENERATE_INFOPLIST_FILE = YES;
				MARKETING_VERSION = 1.0;
				PRODUCT_BUNDLE_IDENTIFIER = "com.pepsico.trainAI.PaulHudson-1-SplitUITests";
				PRODUCT_NAME = "$(TARGET_NAME)";
				SWIFT_EMIT_LOC_STRINGS = NO;
				SWIFT_VERSION = 5.0;
				TARGETED_DEVICE_FAMILY = "1,2";
				TEST_TARGET_NAME = PaulHudson_1_Split;
			};
			name = Release;
		};
/* End XCBuildConfiguration section */

/* Begin XCConfigurationList section */
		176BA0252CEBECDC00D8B4D3 /* Build configuration list for PBXProject "PaulHudson_1_Split" */ = {
			isa = XCConfigurationList;
			buildConfigurations = (
				176BA04C2CEBECDE00D8B4D3 /* Debug */,
				176BA04D2CEBECDE00D8B4D3 /* Release */,
			);
			defaultConfigurationIsVisible = 0;
			defaultConfigurationName = Release;
		};
		176BA04E2CEBECDE00D8B4D3 /* Build configuration list for PBXNativeTarget "PaulHudson_1_Split" */ = {
			isa = XCConfigurationList;
			buildConfigurations = (
				176BA04F2CEBECDE00D8B4D3 /* Debug */,
				176BA0502CEBECDE00D8B4D3 /* Release */,
			);
			defaultConfigurationIsVisible = 0;
			defaultConfigurationName = Release;
		};
		176BA0512CEBECDE00D8B4D3 /* Build configuration list for PBXNativeTarget "PaulHudson_1_SplitTests" */ = {
			isa = XCConfigurationList;
			buildConfigurations = (
				176BA0522CEBECDE00D8B4D3 /* Debug */,
				176BA0532CEBECDE00D8B4D3 /* Release */,
			);
			defaultConfigurationIsVisible = 0;
			defaultConfigurationName = Release;
		};
		176BA0542CEBECDE00D8B4D3 /* Build configuration list for PBXNativeTarget "PaulHudson_1_SplitUITests" */ = {
			isa = XCConfigurationList;
			buildConfigurations = (
				176BA0552CEBECDE00D8B4D3 /* Debug */,
				176BA0562CEBECDE00D8B4D3 /* Release */,
			);
			defaultConfigurationIsVisible = 0;
			defaultConfigurationName = Release;
		};
/* End XCConfigurationList section */
	};
	rootObject = 176BA0222CEBECDC00D8B4D3 /* Project object */;
}
